{
  "name": "how-to-use-types-webpack-env",
  "version": "0.0.0",
  "lockfileVersion": 1,
  "requires": true,
  "dependencies": {
    "@types/node": {
      "version": "10.5.7",
      "resolved": "http://registry.npm.taobao.org/@types/node/download/@types/node-10.5.7.tgz",
      "integrity": "sha1-lg2f6zreIjO8yYQ8kY10C094p88=",
      "dev": true
    },
    "@types/webpack-env": {
      "version": "1.13.6",
      "resolved": "http://registry.npm.taobao.org/@types/webpack-env/download/@types/webpack-env-1.13.6.tgz",
      "integrity": "sha1-Eo0WhafDTTHtFwEPyH1qEsHeaXY=",
      "dev": true
    },
    "typescript": {
      "version": "3.0.1",
      "resolved": "http://registry.npm.taobao.org/typescript/download/typescript-3.0.1.tgz",
      "integrity": "sha1-Q3OPKVhdOodXVSCkuTq2Am7xH9s=",
      "dev": true
    }
  }
}
